
Microsoft Visual Studio Solution File, Format Version 12.00
# Visual Studio 2013
VisualStudioVersion = 12.0.30723.0
MinimumVisualStudioVersion = 10.0.40219.1
Project("{FAE04EC0-301F-11D3-BF4B-00C04F79EFBC}") = "BlokusDll", "BlokusDLL\BlokusDll.csproj", "{7CBEB90A-582B-4C7C-AE9F-CA6C9AD22DEB}"
EndProject
Project("{FAE04EC0-301F-11D3-BF4B-00C04F79EFBC}") = "PTv2", "PTv2\PTv2.csproj", "{F455633C-3B3E-45B5-BEB0-7E6EFB25737E}"
EndProject
Global
	GlobalSection(SolutionConfigurationPlatforms) = preSolution
		Debug|Any CPU = Debug|Any CPU
		Release|Any CPU = Release|Any CPU
	EndGlobalSection
	GlobalSection(ProjectConfigurationPlatforms) = postSolution
		{7CBEB90A-582B-4C7C-AE9F-CA6C9AD22DEB}.Debug|Any CPU.ActiveCfg = Debug|Any CPU
		{7CBEB90A-582B-4C7C-AE9F-CA6C9AD22DEB}.Debug|Any CPU.Build.0 = Debug|Any CPU
		{7CBEB90A-582B-4C7C-AE9F-CA6C9AD22DEB}.Release|Any CPU.ActiveCfg = Release|Any CPU
		{7CBEB90A-582B-4C7C-AE9F-CA6C9AD22DEB}.Release|Any CPU.Build.0 = Release|Any CPU
		{F455633C-3B3E-45B5-BEB0-7E6EFB25737E}.Debug|Any CPU.ActiveCfg = Debug|Any CPU
		{F455633C-3B3E-45B5-BEB0-7E6EFB25737E}.Debug|Any CPU.Build.0 = Debug|Any CPU
		{F455633C-3B3E-45B5-BEB0-7E6EFB25737E}.Release|Any CPU.ActiveCfg = Release|Any CPU
		{F455633C-3B3E-45B5-BEB0-7E6EFB25737E}.Release|Any CPU.Build.0 = Release|Any CPU
	EndGlobalSection
	GlobalSection(SolutionProperties) = preSolution
		HideSolutionNode = FALSE
	EndGlobalSection
EndGlobal
